{
  "name": "@nicenote/editor",
  "version": "0.0.1",
  "lockfileVersion": 3,
  "requires": true,
  "packages": {
    "": {
      "name": "@nicenote/editor",
      "version": "0.0.1",
      "dependencies": {
        "@floating-ui/react": "^0.27.17",
        "@radix-ui/react-dropdown-menu": "^2.1.16",
        "@radix-ui/react-popover": "^1.1.15",
        "@tiptap/core": "^3.18.0",
        "@tiptap/extension-code-block-lowlight": "^3.18.0",
        "@tiptap/extension-highlight": "^3.18.0",
        "@tiptap/extension-horizontal-rule": "^3.18.0",
        "@tiptap/extension-image": "^3.18.0",
        "@tiptap/extension-list": "^3.18.0",
        "@tiptap/extension-placeholder": "^3.18.0",
        "@tiptap/extension-subscript": "^3.18.0",
        "@tiptap/extension-superscript": "^3.18.0",
        "@tiptap/extension-table-of-contents": "^3.18.0",
        "@tiptap/extension-text-align": "^3.18.0",
        "@tiptap/extension-typography": "^3.18.0",
        "@tiptap/extensions": "^3.18.0",
        "@tiptap/markdown": "^3.18.0",
        "@tiptap/pm": "^3.18.0",
        "@tiptap/react": "^3.18.0",
        "@tiptap/starter-kit": "^3.18.0",
        "lodash.throttle": "^4.1.1",
        "lowlight": "^3.3.0",
        "lucide-react": "^0.563.0",
        "react-hotkeys-hook": "^5.2.3"
      },
      "devDependencies": {
        "@types/lodash.throttle": "^4.1.9",
        "@types/react": "^19.2.10",
        "@types/react-dom": "^19.2.3",
        "sass": "^1.97.3",
        "sass-embedded": "^1.97.3"
      },
      "peerDependencies": {
        "react": "^19.2.0",
        "react-dom": "^19.2.0"
      }
    },
    "../../node_modules/.pnpm/@floating-ui+react@0.27.17__62223fcc1017f916d1e4e1f80783d3f3/node_modules/@floating-ui/react": {
      "version": "0.27.17",
      "license": "MIT",
      "dependencies": {
        "@floating-ui/react-dom": "^2.1.7",
        "@floating-ui/utils": "^0.2.10",
        "tabbable": "^6.0.0"
      },
      "devDependencies": {
        "@babel/preset-react": "^7.23.3",
        "@radix-ui/react-checkbox": "^1.0.4",
        "@radix-ui/react-icons": "^1.3.0",
        "@testing-library/jest-dom": "^6.2.0",
        "@testing-library/react": "^16.2.0",
        "@testing-library/user-event": "^14.6.1",
        "@types/react": "^18.3.19",
        "@types/react-dom": "^18.3.1",
        "@vitejs/plugin-react": "^4.3.4",
        "clsx": "^1.2.1",
        "config": "0.0.0",
        "react": "^18.2.0",
        "react-dom": "^18.2.0",
        "react-responsive": "^9.0.2",
        "react-router-dom": "^6.21.1",
        "resize-observer-polyfill": "^1.5.1",
        "use-isomorphic-layout-effect": "^1.2.1",
        "vitest-browser-react": "^0.1.1"
      },
      "peerDependencies": {
        "react": ">=17.0.0",
        "react-dom": ">=17.0.0"
      }
    },
    "../../node_modules/.pnpm/@radix-ui+react-dropdown-me_292e07ad4d6f23c210a3c040c01e35d6/node_modules/@radix-ui/react-dropdown-menu": {
      "version": "2.1.16",
      "license": "MIT",
      "dependencies": {
        "@radix-ui/primitive": "1.1.3",
        "@radix-ui/react-compose-refs": "1.1.2",
        "@radix-ui/react-context": "1.1.2",
        "@radix-ui/react-id": "1.1.1",
        "@radix-ui/react-menu": "2.1.16",
        "@radix-ui/react-primitive": "2.1.3",
        "@radix-ui/react-use-controllable-state": "1.2.2"
      },
      "devDependencies": {
        "@repo/builder": "0.0.0",
        "@repo/eslint-config": "0.0.0",
        "@repo/test-data": "0.0.0",
        "@repo/typescript-config": "0.0.0",
        "@types/react": "^19.0.7",
        "@types/react-dom": "^19.0.3",
        "eslint": "^9.18.0",
        "react": "^19.1.0",
        "react-dom": "^19.1.0",
        "typescript": "^5.7.3"
      },
      "peerDependencies": {
        "@types/react": "*",
        "@types/react-dom": "*",
        "react": "^16.8 || ^17.0 || ^18.0 || ^19.0 || ^19.0.0-rc",
        "react-dom": "^16.8 || ^17.0 || ^18.0 || ^19.0 || ^19.0.0-rc"
      },
      "peerDependenciesMeta": {
        "@types/react": {
          "optional": true
        },
        "@types/react-dom": {
          "optional": true
        }
      }
    },
    "../../node_modules/.pnpm/@radix-ui+react-popover@1.1_6845413866e39bfed03c608b19c71ed1/node_modules/@radix-ui/react-popover": {
      "version": "1.1.15",
      "license": "MIT",
      "dependencies": {
        "@radix-ui/primitive": "1.1.3",
        "@radix-ui/react-compose-refs": "1.1.2",
        "@radix-ui/react-context": "1.1.2",
        "@radix-ui/react-dismissable-layer": "1.1.11",
        "@radix-ui/react-focus-guards": "1.1.3",
        "@radix-ui/react-focus-scope": "1.1.7",
        "@radix-ui/react-id": "1.1.1",
        "@radix-ui/react-popper": "1.2.8",
        "@radix-ui/react-portal": "1.1.9",
        "@radix-ui/react-presence": "1.1.5",
        "@radix-ui/react-primitive": "2.1.3",
        "@radix-ui/react-slot": "1.2.3",
        "@radix-ui/react-use-controllable-state": "1.2.2",
        "aria-hidden": "^1.2.4",
        "react-remove-scroll": "^2.6.3"
      },
      "devDependencies": {
        "@repo/builder": "0.0.0",
        "@repo/eslint-config": "0.0.0",
        "@repo/typescript-config": "0.0.0",
        "@types/react": "^19.0.7",
        "@types/react-dom": "^19.0.3",
        "eslint": "^9.18.0",
        "react": "^19.1.0",
        "react-dom": "^19.1.0",
        "typescript": "^5.7.3"
      },
      "peerDependencies": {
        "@types/react": "*",
        "@types/react-dom": "*",
        "react": "^16.8 || ^17.0 || ^18.0 || ^19.0 || ^19.0.0-rc",
        "react-dom": "^16.8 || ^17.0 || ^18.0 || ^19.0 || ^19.0.0-rc"
      },
      "peerDependenciesMeta": {
        "@types/react": {
          "optional": true
        },
        "@types/react-dom": {
          "optional": true
        }
      }
    },
    "../../node_modules/.pnpm/@tiptap+core@3.18.0_@tiptap+pm@3.18.0/node_modules/@tiptap/core": {
      "version": "3.18.0",
      "license": "MIT",
      "peer": true,
      "devDependencies": {
        "@tiptap/pm": "^3.18.0"
      },
      "funding": {
        "type": "github",
        "url": "https://github.com/sponsors/ueberdosis"
      },
      "peerDependencies": {
        "@tiptap/pm": "^3.18.0"
      }
    },
    "../../node_modules/.pnpm/@tiptap+extension-code-bloc_579e79bd402ba0ac80ba253c72f9e0c5/node_modules/@tiptap/extension-code-block-lowlight": {
      "version": "3.18.0",
      "license": "MIT",
      "devDependencies": {
        "@tiptap/core": "^3.18.0",
        "@tiptap/extension-code-block": "^3.18.0",
        "@tiptap/pm": "^3.18.0",
        "lowlight": "^3.3.0"
      },
      "funding": {
        "type": "github",
        "url": "https://github.com/sponsors/ueberdosis"
      },
      "peerDependencies": {
        "@tiptap/core": "^3.18.0",
        "@tiptap/extension-code-block": "^3.18.0",
        "@tiptap/pm": "^3.18.0",
        "highlight.js": "^11",
        "lowlight": "^2 || ^3"
      }
    },
    "../../node_modules/.pnpm/@tiptap+extension-highlight_43987cd608b531ce1b8c8ab580913585/node_modules/@tiptap/extension-highlight": {
      "version": "3.18.0",
      "license": "MIT",
      "devDependencies": {
        "@tiptap/core": "^3.18.0"
      },
      "funding": {
        "type": "github",
        "url": "https://github.com/sponsors/ueberdosis"
      },
      "peerDependencies": {
        "@tiptap/core": "^3.18.0"
      }
    },
    "../../node_modules/.pnpm/@tiptap+extension-horizonta_6f23ad127e43431935231c46d79c932d/node_modules/@tiptap/extension-horizontal-rule": {
      "version": "3.18.0",
      "license": "MIT",
      "devDependencies": {
        "@tiptap/core": "^3.18.0",
        "@tiptap/pm": "^3.18.0"
      },
      "funding": {
        "type": "github",
        "url": "https://github.com/sponsors/ueberdosis"
      },
      "peerDependencies": {
        "@tiptap/core": "^3.18.0",
        "@tiptap/pm": "^3.18.0"
      }
    },
    "../../node_modules/.pnpm/@tiptap+extension-image@3.1_c0bebd50265496c3dfdffcb22676a5ee/node_modules/@tiptap/extension-image": {
      "version": "3.18.0",
      "license": "MIT",
      "devDependencies": {
        "@tiptap/core": "^3.18.0"
      },
      "funding": {
        "type": "github",
        "url": "https://github.com/sponsors/ueberdosis"
      },
      "peerDependencies": {
        "@tiptap/core": "^3.18.0"
      }
    },
    "../../node_modules/.pnpm/@tiptap+extension-list@3.18_089f47e6fb182ab15d7efd75e42ae0df/node_modules/@tiptap/extension-list": {
      "version": "3.18.0",
      "license": "MIT",
      "devDependencies": {
        "@tiptap/core": "^3.18.0",
        "@tiptap/pm": "^3.18.0"
      },
      "funding": {
        "type": "github",
        "url": "https://github.com/sponsors/ueberdosis"
      },
      "peerDependencies": {
        "@tiptap/core": "^3.18.0",
        "@tiptap/pm": "^3.18.0"
      }
    },
    "../../node_modules/.pnpm/@tiptap+extension-subscript_f6927ca4ebc460a1f98edf5ebffa45db/node_modules/@tiptap/extension-subscript": {
      "version": "3.18.0",
      "license": "MIT",
      "devDependencies": {
        "@tiptap/core": "^3.18.0",
        "@tiptap/pm": "^3.18.0"
      },
      "funding": {
        "type": "github",
        "url": "https://github.com/sponsors/ueberdosis"
      },
      "peerDependencies": {
        "@tiptap/core": "^3.18.0",
        "@tiptap/pm": "^3.18.0"
      }
    },
    "../../node_modules/.pnpm/@tiptap+extension-superscri_b47cb30ac3d745046fd4b91d83805130/node_modules/@tiptap/extension-superscript": {
      "version": "3.18.0",
      "license": "MIT",
      "devDependencies": {
        "@tiptap/core": "^3.18.0",
        "@tiptap/pm": "^3.18.0"
      },
      "funding": {
        "type": "github",
        "url": "https://github.com/sponsors/ueberdosis"
      },
      "peerDependencies": {
        "@tiptap/core": "^3.18.0",
        "@tiptap/pm": "^3.18.0"
      }
    },
    "../../node_modules/.pnpm/@tiptap+extension-text-alig_4078ea3be2632fe24188d9e5292103bd/node_modules/@tiptap/extension-text-align": {
      "version": "3.18.0",
      "license": "MIT",
      "devDependencies": {
        "@tiptap/core": "^3.18.0"
      },
      "funding": {
        "type": "github",
        "url": "https://github.com/sponsors/ueberdosis"
      },
      "peerDependencies": {
        "@tiptap/core": "^3.18.0"
      }
    },
    "../../node_modules/.pnpm/@tiptap+extension-typograph_12929f924e8896fda3a08d229149fd46/node_modules/@tiptap/extension-typography": {
      "version": "3.18.0",
      "license": "MIT",
      "devDependencies": {
        "@tiptap/core": "^3.18.0"
      },
      "funding": {
        "type": "github",
        "url": "https://github.com/sponsors/ueberdosis"
      },
      "peerDependencies": {
        "@tiptap/core": "^3.18.0"
      }
    },
    "../../node_modules/.pnpm/@tiptap+extensions@3.18.0_@_b6d5b09b20bd4641ba50b3cf92c4da5a/node_modules/@tiptap/extensions": {
      "version": "3.18.0",
      "license": "MIT",
      "devDependencies": {
        "@tiptap/core": "^3.18.0",
        "@tiptap/pm": "^3.18.0"
      },
      "funding": {
        "type": "github",
        "url": "https://github.com/sponsors/ueberdosis"
      },
      "peerDependencies": {
        "@tiptap/core": "^3.18.0",
        "@tiptap/pm": "^3.18.0"
      }
    },
    "../../node_modules/.pnpm/@tiptap+markdown@3.18.0_@ti_82d375ad78ec003bc763cff6c9a51c92/node_modules/@tiptap/markdown": {
      "version": "3.18.0",
      "license": "MIT",
      "dependencies": {
        "marked": "^17.0.1"
      },
      "devDependencies": {
        "@tiptap/core": "^3.18.0",
        "@tiptap/pm": "^3.18.0"
      },
      "funding": {
        "type": "github",
        "url": "https://github.com/sponsors/ueberdosis"
      },
      "peerDependencies": {
        "@tiptap/core": "^3.18.0",
        "@tiptap/pm": "^3.18.0"
      }
    },
    "../../node_modules/.pnpm/@tiptap+pm@3.18.0/node_modules/@tiptap/pm": {
      "version": "3.18.0",
      "license": "MIT",
      "dependencies": {
        "prosemirror-changeset": "^2.3.0",
        "prosemirror-collab": "^1.3.1",
        "prosemirror-commands": "^1.6.2",
        "prosemirror-dropcursor": "^1.8.1",
        "prosemirror-gapcursor": "^1.3.2",
        "prosemirror-history": "^1.4.1",
        "prosemirror-inputrules": "^1.4.0",
        "prosemirror-keymap": "^1.2.2",
        "prosemirror-markdown": "^1.13.1",
        "prosemirror-menu": "^1.2.4",
        "prosemirror-model": "^1.24.1",
        "prosemirror-schema-basic": "^1.2.3",
        "prosemirror-schema-list": "^1.5.0",
        "prosemirror-state": "^1.4.3",
        "prosemirror-tables": "^1.6.4",
        "prosemirror-trailing-node": "^3.0.0",
        "prosemirror-transform": "^1.10.2",
        "prosemirror-view": "^1.38.1"
      },
      "funding": {
        "type": "github",
        "url": "https://github.com/sponsors/ueberdosis"
      }
    },
    "../../node_modules/.pnpm/@tiptap+react@3.18.0_@float_3601350a5a55c90d6b9e84626571cf3c/node_modules/@tiptap/react": {
      "version": "3.18.0",
      "license": "MIT",
      "dependencies": {
        "@types/use-sync-external-store": "^0.0.6",
        "fast-equals": "^5.3.3",
        "use-sync-external-store": "^1.4.0"
      },
      "devDependencies": {
        "@tiptap/core": "^3.18.0",
        "@tiptap/pm": "^3.18.0",
        "@types/react": "^19.0.0",
        "@types/react-dom": "^19.0.0",
        "react": "^19.0.0",
        "react-dom": "^19.0.0"
      },
      "funding": {
        "type": "github",
        "url": "https://github.com/sponsors/ueberdosis"
      },
      "optionalDependencies": {
        "@tiptap/extension-bubble-menu": "^3.18.0",
        "@tiptap/extension-floating-menu": "^3.18.0"
      },
      "peerDependencies": {
        "@tiptap/core": "^3.18.0",
        "@tiptap/pm": "^3.18.0",
        "@types/react": "^17.0.0 || ^18.0.0 || ^19.0.0",
        "@types/react-dom": "^17.0.0 || ^18.0.0 || ^19.0.0",
        "react": "^17.0.0 || ^18.0.0 || ^19.0.0",
        "react-dom": "^17.0.0 || ^18.0.0 || ^19.0.0"
      }
    },
    "../../node_modules/.pnpm/@tiptap+starter-kit@3.18.0/node_modules/@tiptap/starter-kit": {
      "version": "3.18.0",
      "license": "MIT",
      "dependencies": {
        "@tiptap/core": "^3.18.0",
        "@tiptap/extension-blockquote": "^3.18.0",
        "@tiptap/extension-bold": "^3.18.0",
        "@tiptap/extension-bullet-list": "^3.18.0",
        "@tiptap/extension-code": "^3.18.0",
        "@tiptap/extension-code-block": "^3.18.0",
        "@tiptap/extension-document": "^3.18.0",
        "@tiptap/extension-dropcursor": "^3.18.0",
        "@tiptap/extension-gapcursor": "^3.18.0",
        "@tiptap/extension-hard-break": "^3.18.0",
        "@tiptap/extension-heading": "^3.18.0",
        "@tiptap/extension-horizontal-rule": "^3.18.0",
        "@tiptap/extension-italic": "^3.18.0",
        "@tiptap/extension-link": "^3.18.0",
        "@tiptap/extension-list": "^3.18.0",
        "@tiptap/extension-list-item": "^3.18.0",
        "@tiptap/extension-list-keymap": "^3.18.0",
        "@tiptap/extension-ordered-list": "^3.18.0",
        "@tiptap/extension-paragraph": "^3.18.0",
        "@tiptap/extension-strike": "^3.18.0",
        "@tiptap/extension-text": "^3.18.0",
        "@tiptap/extension-underline": "^3.18.0",
        "@tiptap/extensions": "^3.18.0",
        "@tiptap/pm": "^3.18.0"
      },
      "funding": {
        "type": "github",
        "url": "https://github.com/sponsors/ueberdosis"
      }
    },
    "../../node_modules/.pnpm/@types+lodash.throttle@4.1.9/node_modules/@types/lodash.throttle": {
      "version": "4.1.9",
      "dev": true,
      "license": "MIT",
      "dependencies": {
        "@types/lodash": "*"
      }
    },
    "../../node_modules/.pnpm/@types+react-dom@19.2.3_@types+react@19.2.10/node_modules/@types/react-dom": {
      "version": "19.2.3",
      "dev": true,
      "license": "MIT",
      "peerDependencies": {
        "@types/react": "^19.2.0"
      }
    },
    "../../node_modules/.pnpm/@types+react@19.2.10/node_modules/@types/react": {
      "version": "19.2.10",
      "dev": true,
      "license": "MIT",
      "dependencies": {
        "csstype": "^3.2.2"
      }
    },
    "../../node_modules/.pnpm/lodash.throttle@4.1.1/node_modules/lodash.throttle": {
      "version": "4.1.1",
      "license": "MIT"
    },
    "../../node_modules/.pnpm/lowlight@3.3.0/node_modules/lowlight": {
      "version": "3.3.0",
      "license": "MIT",
      "dependencies": {
        "@types/hast": "^3.0.0",
        "devlop": "^1.0.0",
        "highlight.js": "~11.11.0"
      },
      "devDependencies": {
        "@types/mdast": "^4.0.0",
        "@types/node": "^22.0.0",
        "@types/unist": "^3.0.0",
        "c8": "^10.0.0",
        "chalk": "^5.0.0",
        "estree-util-is-identifier-name": "^3.0.0",
        "hast-util-to-html": "^9.0.0",
        "mdast-zone": "^6.0.0",
        "prettier": "^3.0.0",
        "remark-cli": "^12.0.0",
        "remark-preset-wooorm": "^10.0.0",
        "type-coverage": "^2.0.0",
        "typescript": "^5.0.0",
        "unified": "^11.0.0",
        "xo": "^0.60.0"
      },
      "funding": {
        "type": "github",
        "url": "https://github.com/sponsors/wooorm"
      }
    },
    "../../node_modules/.pnpm/react-dom@19.2.4_react@19.2.4/node_modules/react-dom": {
      "version": "19.2.4",
      "license": "MIT",
      "peer": true,
      "dependencies": {
        "scheduler": "^0.27.0"
      },
      "peerDependencies": {
        "react": "^19.2.4"
      }
    },
    "../../node_modules/.pnpm/react-hotkeys-hook@5.2.3_re_ea4701b631a0643d55a8e827aeac2b6f/node_modules/react-hotkeys-hook": {
      "version": "5.2.3",
      "license": "MIT",
      "devDependencies": {
        "@eslint/js": "9.39.2",
        "@testing-library/jest-dom": "6.9.1",
        "@testing-library/react": "16.3.1",
        "@testing-library/user-event": "14.6.1",
        "@types/node": "24.10.8",
        "@types/react": "19.2.8",
        "@types/react-dom": "19.2.3",
        "@vitejs/plugin-react": "5.1.2",
        "globals": "16.5.0",
        "jsdom": "27.4.0",
        "typescript": "5.9.3",
        "vite": "7.3.1",
        "vite-plugin-dts": "4.5.4",
        "vitest": "4.0.17"
      },
      "peerDependencies": {
        "react": ">=16.8.0",
        "react-dom": ">=16.8.0"
      }
    },
    "../../node_modules/.pnpm/react@19.2.4/node_modules/react": {
      "version": "19.2.4",
      "license": "MIT",
      "peer": true,
      "engines": {
        "node": ">=0.10.0"
      }
    },
    "../../node_modules/.pnpm/sass-embedded@1.97.3/node_modules/sass-embedded": {
      "version": "1.97.3",
      "dev": true,
      "license": "MIT",
      "dependencies": {
        "@bufbuild/protobuf": "^2.5.0",
        "colorjs.io": "^0.5.0",
        "immutable": "^5.0.2",
        "rxjs": "^7.4.0",
        "supports-color": "^8.1.1",
        "sync-child-process": "^1.0.2",
        "varint": "^6.0.0"
      },
      "bin": {
        "sass": "dist/bin/sass.js"
      },
      "devDependencies": {
        "@bufbuild/buf": "^1.54.0",
        "@bufbuild/protoc-gen-es": "^2.5.0",
        "@eslint/eslintrc": "^3.3.3",
        "@eslint/js": "^9.39.2",
        "@types/buffer-builder": "^0.2.0",
        "@types/google-protobuf": "^3.7.2",
        "@types/jest": "^30.0.0",
        "@types/node": "^25.0.3",
        "@types/shelljs": "^0.10.0",
        "@types/supports-color": "^8.1.1",
        "@types/tar": "^6.1.0",
        "@types/varint": "^6.0.1",
        "@types/yargs": "^17.0.4",
        "extract-zip": "^2.0.1",
        "gts": "^7.0.0",
        "jest": "^30.0.3",
        "npm-run-all": "^4.1.5",
        "shelljs": "^0.10.0",
        "simple-git": "^3.15.1",
        "source-map-js": "^1.0.2",
        "tar": "^7.4.3",
        "ts-jest": "^29.0.5",
        "ts-node": "^10.2.1",
        "typescript": "^5.0.2",
        "yaml": "^2.2.1",
        "yargs": "^17.2.1"
      },
      "engines": {
        "node": ">=16.0.0"
      },
      "optionalDependencies": {
        "sass-embedded-all-unknown": "1.97.3",
        "sass-embedded-android-arm": "1.97.3",
        "sass-embedded-android-arm64": "1.97.3",
        "sass-embedded-android-riscv64": "1.97.3",
        "sass-embedded-android-x64": "1.97.3",
        "sass-embedded-darwin-arm64": "1.97.3",
        "sass-embedded-darwin-x64": "1.97.3",
        "sass-embedded-linux-arm": "1.97.3",
        "sass-embedded-linux-arm64": "1.97.3",
        "sass-embedded-linux-musl-arm": "1.97.3",
        "sass-embedded-linux-musl-arm64": "1.97.3",
        "sass-embedded-linux-musl-riscv64": "1.97.3",
        "sass-embedded-linux-musl-x64": "1.97.3",
        "sass-embedded-linux-riscv64": "1.97.3",
        "sass-embedded-linux-x64": "1.97.3",
        "sass-embedded-unknown-all": "1.97.3",
        "sass-embedded-win32-arm64": "1.97.3",
        "sass-embedded-win32-x64": "1.97.3"
      }
    },
    "../../node_modules/.pnpm/sass@1.97.3/node_modules/sass": {
      "version": "1.97.3",
      "dev": true,
      "license": "MIT",
      "dependencies": {
        "chokidar": "^4.0.0",
        "immutable": "^5.0.2",
        "source-map-js": ">=0.6.2 <2.0.0"
      },
      "bin": {
        "sass": "sass.js"
      },
      "engines": {
        "node": ">=14.0.0"
      },
      "optionalDependencies": {
        "@parcel/watcher": "^2.4.1"
      }
    },
    "node_modules/@floating-ui/react": {
      "resolved": "../../node_modules/.pnpm/@floating-ui+react@0.27.17__62223fcc1017f916d1e4e1f80783d3f3/node_modules/@floating-ui/react",
      "link": true
    },
    "node_modules/@radix-ui/react-dropdown-menu": {
      "resolved": "../../node_modules/.pnpm/@radix-ui+react-dropdown-me_292e07ad4d6f23c210a3c040c01e35d6/node_modules/@radix-ui/react-dropdown-menu",
      "link": true
    },
    "node_modules/@radix-ui/react-popover": {
      "resolved": "../../node_modules/.pnpm/@radix-ui+react-popover@1.1_6845413866e39bfed03c608b19c71ed1/node_modules/@radix-ui/react-popover",
      "link": true
    },
    "node_modules/@tiptap/core": {
      "resolved": "../../node_modules/.pnpm/@tiptap+core@3.18.0_@tiptap+pm@3.18.0/node_modules/@tiptap/core",
      "link": true
    },
    "node_modules/@tiptap/extension-code-block-lowlight": {
      "resolved": "../../node_modules/.pnpm/@tiptap+extension-code-bloc_579e79bd402ba0ac80ba253c72f9e0c5/node_modules/@tiptap/extension-code-block-lowlight",
      "link": true
    },
    "node_modules/@tiptap/extension-highlight": {
      "resolved": "../../node_modules/.pnpm/@tiptap+extension-highlight_43987cd608b531ce1b8c8ab580913585/node_modules/@tiptap/extension-highlight",
      "link": true
    },
    "node_modules/@tiptap/extension-horizontal-rule": {
      "resolved": "../../node_modules/.pnpm/@tiptap+extension-horizonta_6f23ad127e43431935231c46d79c932d/node_modules/@tiptap/extension-horizontal-rule",
      "link": true
    },
    "node_modules/@tiptap/extension-image": {
      "resolved": "../../node_modules/.pnpm/@tiptap+extension-image@3.1_c0bebd50265496c3dfdffcb22676a5ee/node_modules/@tiptap/extension-image",
      "link": true
    },
    "node_modules/@tiptap/extension-list": {
      "resolved": "../../node_modules/.pnpm/@tiptap+extension-list@3.18_089f47e6fb182ab15d7efd75e42ae0df/node_modules/@tiptap/extension-list",
      "link": true
    },
    "node_modules/@tiptap/extension-placeholder": {
      "version": "3.18.0",
      "resolved": "https://registry.npmjs.org/@tiptap/extension-placeholder/-/extension-placeholder-3.18.0.tgz",
      "integrity": "sha512-jhN1Xa+MpfrTcCYZsFSvZYpUuMutPTC20ms0IsH1yN0y9tbAS+T6PHPC+dsvyAinYdA8yKElM6OO+jpyz4X1cw==",
      "license": "MIT",
      "funding": {
        "type": "github",
        "url": "https://github.com/sponsors/ueberdosis"
      },
      "peerDependencies": {
        "@tiptap/extensions": "^3.18.0"
      }
    },
    "node_modules/@tiptap/extension-subscript": {
      "resolved": "../../node_modules/.pnpm/@tiptap+extension-subscript_f6927ca4ebc460a1f98edf5ebffa45db/node_modules/@tiptap/extension-subscript",
      "link": true
    },
    "node_modules/@tiptap/extension-superscript": {
      "resolved": "../../node_modules/.pnpm/@tiptap+extension-superscri_b47cb30ac3d745046fd4b91d83805130/node_modules/@tiptap/extension-superscript",
      "link": true
    },
    "node_modules/@tiptap/extension-table-of-contents": {
      "version": "3.18.0",
      "resolved": "https://registry.npmjs.org/@tiptap/extension-table-of-contents/-/extension-table-of-contents-3.18.0.tgz",
      "integrity": "sha512-KuO4Zzj84e5R917fgAkvyixhyPo9ZL1SEyEG3+AP5wX7Bk+QBwfDp+D02x3yFnQUTSq5yt/ExOiUtFK9hx+8nw==",
      "license": "SEE LICENSE IN LICENSE.md",
      "dependencies": {
        "uuid": "^10.0.0"
      },
      "funding": {
        "type": "github",
        "url": "https://github.com/sponsors/ueberdosis"
      },
      "peerDependencies": {
        "@tiptap/core": "^3.18.0",
        "@tiptap/pm": "^3.18.0"
      }
    },
    "node_modules/@tiptap/extension-text-align": {
      "resolved": "../../node_modules/.pnpm/@tiptap+extension-text-alig_4078ea3be2632fe24188d9e5292103bd/node_modules/@tiptap/extension-text-align",
      "link": true
    },
    "node_modules/@tiptap/extension-typography": {
      "resolved": "../../node_modules/.pnpm/@tiptap+extension-typograph_12929f924e8896fda3a08d229149fd46/node_modules/@tiptap/extension-typography",
      "link": true
    },
    "node_modules/@tiptap/extensions": {
      "resolved": "../../node_modules/.pnpm/@tiptap+extensions@3.18.0_@_b6d5b09b20bd4641ba50b3cf92c4da5a/node_modules/@tiptap/extensions",
      "link": true
    },
    "node_modules/@tiptap/markdown": {
      "resolved": "../../node_modules/.pnpm/@tiptap+markdown@3.18.0_@ti_82d375ad78ec003bc763cff6c9a51c92/node_modules/@tiptap/markdown",
      "link": true
    },
    "node_modules/@tiptap/pm": {
      "resolved": "../../node_modules/.pnpm/@tiptap+pm@3.18.0/node_modules/@tiptap/pm",
      "link": true
    },
    "node_modules/@tiptap/react": {
      "resolved": "../../node_modules/.pnpm/@tiptap+react@3.18.0_@float_3601350a5a55c90d6b9e84626571cf3c/node_modules/@tiptap/react",
      "link": true
    },
    "node_modules/@tiptap/starter-kit": {
      "resolved": "../../node_modules/.pnpm/@tiptap+starter-kit@3.18.0/node_modules/@tiptap/starter-kit",
      "link": true
    },
    "node_modules/@types/lodash.throttle": {
      "resolved": "../../node_modules/.pnpm/@types+lodash.throttle@4.1.9/node_modules/@types/lodash.throttle",
      "link": true
    },
    "node_modules/@types/react": {
      "resolved": "../../node_modules/.pnpm/@types+react@19.2.10/node_modules/@types/react",
      "link": true
    },
    "node_modules/@types/react-dom": {
      "resolved": "../../node_modules/.pnpm/@types+react-dom@19.2.3_@types+react@19.2.10/node_modules/@types/react-dom",
      "link": true
    },
    "node_modules/lodash.throttle": {
      "resolved": "../../node_modules/.pnpm/lodash.throttle@4.1.1/node_modules/lodash.throttle",
      "link": true
    },
    "node_modules/lowlight": {
      "resolved": "../../node_modules/.pnpm/lowlight@3.3.0/node_modules/lowlight",
      "link": true
    },
    "node_modules/lucide-react": {
      "version": "0.563.0",
      "resolved": "https://registry.npmjs.org/lucide-react/-/lucide-react-0.563.0.tgz",
      "integrity": "sha512-8dXPB2GI4dI8jV4MgUDGBeLdGk8ekfqVZ0BdLcrRzocGgG75ltNEmWS+gE7uokKF/0oSUuczNDT+g9hFJ23FkA==",
      "license": "ISC",
      "peerDependencies": {
        "react": "^16.5.1 || ^17.0.0 || ^18.0.0 || ^19.0.0"
      }
    },
    "node_modules/react": {
      "resolved": "../../node_modules/.pnpm/react@19.2.4/node_modules/react",
      "link": true
    },
    "node_modules/react-dom": {
      "resolved": "../../node_modules/.pnpm/react-dom@19.2.4_react@19.2.4/node_modules/react-dom",
      "link": true
    },
    "node_modules/react-hotkeys-hook": {
      "resolved": "../../node_modules/.pnpm/react-hotkeys-hook@5.2.3_re_ea4701b631a0643d55a8e827aeac2b6f/node_modules/react-hotkeys-hook",
      "link": true
    },
    "node_modules/sass": {
      "resolved": "../../node_modules/.pnpm/sass@1.97.3/node_modules/sass",
      "link": true
    },
    "node_modules/sass-embedded": {
      "resolved": "../../node_modules/.pnpm/sass-embedded@1.97.3/node_modules/sass-embedded",
      "link": true
    },
    "node_modules/uuid": {
      "version": "10.0.0",
      "resolved": "https://registry.npmjs.org/uuid/-/uuid-10.0.0.tgz",
      "integrity": "sha512-8XkAphELsDnEGrDxUOHB3RGvXz6TeuYSGEZBOjtTtPm2lwhGBjLgOzLHB63IUWfBpNucQjND6d3AOudO+H3RWQ==",
      "funding": [
        "https://github.com/sponsors/broofa",
        "https://github.com/sponsors/ctavan"
      ],
      "license": "MIT",
      "bin": {
        "uuid": "dist/bin/uuid"
      }
    }
  }
}
